
Microsoft Visual Studio Solution File, Format Version 12.00
# Visual Studio Version 17
VisualStudioVersion = 17.6.33815.320
MinimumVisualStudioVersion = 10.0.40219.1
Project("{FAE04EC0-301F-11D3-BF4B-00C04F79EFBC}") = "MyRecieptsApp", "MyRecieptsApp\MyRecieptsApp.csproj", "{3E76A880-0BAD-4CF1-8386-805AE3DAE6CE}"
EndProject
Global
	GlobalSection(SolutionConfigurationPlatforms) = preSolution
		Debug|Any CPU = Debug|Any CPU
		Release|Any CPU = Release|Any CPU
	EndGlobalSection
	GlobalSection(ProjectConfigurationPlatforms) = postSolution
		{3E76A880-0BAD-4CF1-8386-805AE3DAE6CE}.Debug|Any CPU.ActiveCfg = Debug|Any CPU
		{3E76A880-0BAD-4CF1-8386-805AE3DAE6CE}.Debug|Any CPU.Build.0 = Debug|Any CPU
		{3E76A880-0BAD-4CF1-8386-805AE3DAE6CE}.Release|Any CPU.ActiveCfg = Release|Any CPU
		{3E76A880-0BAD-4CF1-8386-805AE3DAE6CE}.Release|Any CPU.Build.0 = Release|Any CPU
	EndGlobalSection
	GlobalSection(SolutionProperties) = preSolution
		HideSolutionNode = FALSE
	EndGlobalSection
	GlobalSection(ExtensibilityGlobals) = postSolution
		SolutionGuid = {4010A675-E8B7-4FFB-A02B-1C8CB69B3E87}
	EndGlobalSection
EndGlobal
